<?xml version="1.0" encoding="UTF-8"?>
<!DOCTYPE plist PUBLIC "-//Apple//DTD PLIST 1.0//EN" "http://www.apple.com/DTDs/PropertyList-1.0.dtd">
<plist version="1.0">
<dict>
	<key>archiveVersion</key>
	<string>1</string>
	<key>classes</key>
	<dict/>
	<key>objectVersion</key>
	<string>46</string>
	<key>objects</key>
	<dict>
		<key>007707A935424138A4AD5605</key>
		<dict>
			<key>fileRef</key>
			<string>503A17BF98894FCB94298843</string>
			<key>isa</key>
			<string>PBXBuildFile</string>
		</dict>
		<key>18ED9129F2B94EED9B66F9D6</key>
		<dict>
			<key>buildActionMask</key>
			<string>2147483647</string>
			<key>files</key>
			<array/>
			<key>inputPaths</key>
			<array/>
			<key>isa</key>
			<string>PBXShellScriptBuildPhase</string>
			<key>name</key>
			<string>Check Pods Manifest.lock</string>
			<key>outputPaths</key>
			<array/>
			<key>runOnlyForDeploymentPostprocessing</key>
			<string>0</string>
			<key>shellPath</key>
			<string>/bin/sh</string>
			<key>shellScript</key>
			<string>diff "${PODS_ROOT}/../Podfile.lock" "${PODS_ROOT}/Manifest.lock" &gt; /dev/null
if [[ $? != 0 ]] ; then
    cat &lt;&lt; EOM
error: The sandbox is not in sync with the Podfile.lock. Run 'pod install' or update your CocoaPods installation.
EOM
    exit 1
fi
</string>
			<key>showEnvVarsInLog</key>
			<string>0</string>
		</dict>
		<key>45B114B519C358D40044CAED</key>
		<dict>
			<key>children</key>
			<array>
				<string>45B1150619C39F890044CAED</string>
				<string>45B1150419C39F7B0044CAED</string>
				<string>45B1150219C39F6F0044CAED</string>
				<string>45B1150019C39F660044CAED</string>
				<string>45B114C019C358D40044CAED</string>
				<string>45B114E019C358D40044CAED</string>
				<string>45B114BF19C358D40044CAED</string>
				<string>4EF33203DF054741889E6005</string>
				<string>E1E1FDF14E114C6D9B3B9C3D</string>
			</array>
			<key>isa</key>
			<string>PBXGroup</string>
			<key>sourceTree</key>
			<string>&lt;group&gt;</string>
		</dict>
		<key>45B114B619C358D40044CAED</key>
		<dict>
			<key>attributes</key>
			<dict>
				<key>LastUpgradeCheck</key>
				<string>0600</string>
				<key>ORGANIZATIONNAME</key>
				<string>Shawn Seals</string>
				<key>TargetAttributes</key>
				<dict>
					<key>45B114BD19C358D40044CAED</key>
					<dict>
						<key>CreatedOnToolsVersion</key>
						<string>6.0</string>
					</dict>
					<key>45B114DC19C358D40044CAED</key>
					<dict>
						<key>CreatedOnToolsVersion</key>
						<string>6.0</string>
						<key>TestTargetID</key>
						<string>45B114BD19C358D40044CAED</string>
					</dict>
				</dict>
			</dict>
			<key>buildConfigurationList</key>
			<string>45B114B919C358D40044CAED</string>
			<key>compatibilityVersion</key>
			<string>Xcode 3.2</string>
			<key>developmentRegion</key>
			<string>English</string>
			<key>hasScannedForEncodings</key>
			<string>0</string>
			<key>isa</key>
			<string>PBXProject</string>
			<key>knownRegions</key>
			<array>
				<string>en</string>
				<string>Base</string>
			</array>
			<key>mainGroup</key>
			<string>45B114B519C358D40044CAED</string>
			<key>productRefGroup</key>
			<string>45B114BF19C358D40044CAED</string>
			<key>projectDirPath</key>
			<string></string>
			<key>projectReferences</key>
			<array/>
			<key>projectRoot</key>
			<string></string>
			<key>targets</key>
			<array>
				<string>45B114BD19C358D40044CAED</string>
				<string>45B114DC19C358D40044CAED</string>
			</array>
		</dict>
		<key>45B114B919C358D40044CAED</key>
		<dict>
			<key>buildConfigurations</key>
			<array>
				<string>45B114E519C358D40044CAED</string>
				<string>45B114E619C358D40044CAED</string>
			</array>
			<key>defaultConfigurationIsVisible</key>
			<string>0</string>
			<key>defaultConfigurationName</key>
			<string>Release</string>
			<key>isa</key>
			<string>XCConfigurationList</string>
		</dict>
		<key>45B114BA19C358D40044CAED</key>
		<dict>
			<key>buildActionMask</key>
			<string>2147483647</string>
			<key>files</key>
			<array>
				<string>45B114F619C377EE0044CAED</string>
				<string>45B114D019C358D40044CAED</string>
				<string>45B114FF19C39F1C0044CAED</string>
				<string>45B1150B19C4B3CE0044CAED</string>
				<string>45B114CD19C358D40044CAED</string>
				<string>45B114FC19C38A660044CAED</string>
				<string>45B114C719C358D40044CAED</string>
				<string>45B114C419C358D40044CAED</string>
				<string>45B114F919C37BC80044CAED</string>
				<string>45B114CA19C358D40044CAED</string>
			</array>
			<key>isa</key>
			<string>PBXSourcesBuildPhase</string>
			<key>runOnlyForDeploymentPostprocessing</key>
			<string>0</string>
		</dict>
		<key>45B114BB19C358D40044CAED</key>
		<dict>
			<key>buildActionMask</key>
			<string>2147483647</string>
			<key>files</key>
			<array>
				<string>45B1150719C39F890044CAED</string>
				<string>45B1150519C39F7B0044CAED</string>
				<string>45B1150319C39F6F0044CAED</string>
				<string>45B1150119C39F660044CAED</string>
				<string>007707A935424138A4AD5605</string>
			</array>
			<key>isa</key>
			<string>PBXFrameworksBuildPhase</string>
			<key>runOnlyForDeploymentPostprocessing</key>
			<string>0</string>
		</dict>
		<key>45B114BC19C358D40044CAED</key>
		<dict>
			<key>buildActionMask</key>
			<string>2147483647</string>
			<key>files</key>
			<array>
				<string>45B114D319C358D40044CAED</string>
				<string>45B114D819C358D40044CAED</string>
				<string>45B114D519C358D40044CAED</string>
				<string>45B1156319CA44700044CAED</string>
			</array>
			<key>isa</key>
			<string>PBXResourcesBuildPhase</string>
			<key>runOnlyForDeploymentPostprocessing</key>
			<string>0</string>
		</dict>
		<key>45B114BD19C358D40044CAED</key>
		<dict>
			<key>buildConfigurationList</key>
			<string>45B114E719C358D40044CAED</string>
			<key>buildPhases</key>
			<array>
				<string>18ED9129F2B94EED9B66F9D6</string>
				<string>45B114BA19C358D40044CAED</string>
				<string>45B114BB19C358D40044CAED</string>
				<string>45B114BC19C358D40044CAED</string>
				<string>9730690029734A73B8D4457B</string>
			</array>
			<key>buildRules</key>
			<array/>
			<key>dependencies</key>
			<array/>
			<key>isa</key>
			<string>PBXNativeTarget</string>
			<key>name</key>
			<string>MSUGameDay</string>
			<key>productName</key>
			<string>MSUGameDay</string>
			<key>productReference</key>
			<string>45B114BE19C358D40044CAED</string>
			<key>productType</key>
			<string>com.apple.product-type.application</string>
		</dict>
		<key>45B114BE19C358D40044CAED</key>
		<dict>
			<key>explicitFileType</key>
			<string>wrapper.application</string>
			<key>includeInIndex</key>
			<string>0</string>
			<key>isa</key>
			<string>PBXFileReference</string>
			<key>path</key>
			<string>Game Day.app</string>
			<key>sourceTree</key>
			<string>BUILT_PRODUCTS_DIR</string>
		</dict>
		<key>45B114BF19C358D40044CAED</key>
		<dict>
			<key>children</key>
			<array>
				<string>45B114BE19C358D40044CAED</string>
				<string>45B114DD19C358D40044CAED</string>
			</array>
			<key>isa</key>
			<string>PBXGroup</string>
			<key>name</key>
			<string>Products</string>
			<key>sourceTree</key>
			<string>&lt;group&gt;</string>
		</dict>
		<key>45B114C019C358D40044CAED</key>
		<dict>
			<key>children</key>
			<array>
				<string>45B114ED19C36FC00044CAED</string>
				<string>45B114F119C36FF10044CAED</string>
				<string>45B114F019C36FE70044CAED</string>
				<string>45B114EE19C36FCB0044CAED</string>
				<string>45B114F219C3708B0044CAED</string>
				<string>45B114D419C358D40044CAED</string>
				<string>45B114D619C358D40044CAED</string>
				<string>45B114C819C358D40044CAED</string>
				<string>45B114C119C358D40044CAED</string>
			</array>
			<key>isa</key>
			<string>PBXGroup</string>
			<key>path</key>
			<string>MSUGameDay</string>
			<key>sourceTree</key>
			<string>&lt;group&gt;</string>
		</dict>
		<key>45B114C119C358D40044CAED</key>
		<dict>
			<key>children</key>
			<array>
				<string>45B114C219C358D40044CAED</string>
				<string>45B114C319C358D40044CAED</string>
			</array>
			<key>isa</key>
			<string>PBXGroup</string>
			<key>name</key>
			<string>Supporting Files</string>
			<key>sourceTree</key>
			<string>&lt;group&gt;</string>
		</dict>
		<key>45B114C219C358D40044CAED</key>
		<dict>
			<key>isa</key>
			<string>PBXFileReference</string>
			<key>lastKnownFileType</key>
			<string>text.plist.xml</string>
			<key>path</key>
			<string>Info.plist</string>
			<key>sourceTree</key>
			<string>&lt;group&gt;</string>
		</dict>
		<key>45B114C319C358D40044CAED</key>
		<dict>
			<key>isa</key>
			<string>PBXFileReference</string>
			<key>lastKnownFileType</key>
			<string>sourcecode.c.objc</string>
			<key>path</key>
			<string>main.m</string>
			<key>sourceTree</key>
			<string>&lt;group&gt;</string>
		</dict>
		<key>45B114C419C358D40044CAED</key>
		<dict>
			<key>fileRef</key>
			<string>45B114C319C358D40044CAED</string>
			<key>isa</key>
			<string>PBXBuildFile</string>
		</dict>
		<key>45B114C519C358D40044CAED</key>
		<dict>
			<key>isa</key>
			<string>PBXFileReference</string>
			<key>lastKnownFileType</key>
			<string>sourcecode.c.h</string>
			<key>path</key>
			<string>AppDelegate.h</string>
			<key>sourceTree</key>
			<string>&lt;group&gt;</string>
		</dict>
		<key>45B114C619C358D40044CAED</key>
		<dict>
			<key>isa</key>
			<string>PBXFileReference</string>
			<key>lastKnownFileType</key>
			<string>sourcecode.c.objc</string>
			<key>path</key>
			<string>AppDelegate.m</string>
			<key>sourceTree</key>
			<string>&lt;group&gt;</string>
		</dict>
		<key>45B114C719C358D40044CAED</key>
		<dict>
			<key>fileRef</key>
			<string>45B114C619C358D40044CAED</string>
			<key>isa</key>
			<string>PBXBuildFile</string>
		</dict>
		<key>45B114C819C358D40044CAED</key>
		<dict>
			<key>children</key>
			<array>
				<string>45B114C919C358D40044CAED</string>
			</array>
			<key>currentVersion</key>
			<string>45B114C919C358D40044CAED</string>
			<key>isa</key>
			<string>XCVersionGroup</string>
			<key>path</key>
			<string>MSUGameDay.xcdatamodeld</string>
			<key>sourceTree</key>
			<string>&lt;group&gt;</string>
			<key>versionGroupType</key>
			<string>wrapper.xcdatamodel</string>
		</dict>
		<key>45B114C919C358D40044CAED</key>
		<dict>
			<key>isa</key>
			<string>PBXFileReference</string>
			<key>lastKnownFileType</key>
			<string>wrapper.xcdatamodel</string>
			<key>path</key>
			<string>MSUGameDay.xcdatamodel</string>
			<key>sourceTree</key>
			<string>&lt;group&gt;</string>
		</dict>
		<key>45B114CA19C358D40044CAED</key>
		<dict>
			<key>fileRef</key>
			<string>45B114C819C358D40044CAED</string>
			<key>isa</key>
			<string>PBXBuildFile</string>
		</dict>
		<key>45B114CB19C358D40044CAED</key>
		<dict>
			<key>isa</key>
			<string>PBXFileReference</string>
			<key>lastKnownFileType</key>
			<string>sourcecode.c.h</string>
			<key>path</key>
			<string>MasterViewController.h</string>
			<key>sourceTree</key>
			<string>&lt;group&gt;</string>
		</dict>
		<key>45B114CC19C358D40044CAED</key>
		<dict>
			<key>isa</key>
			<string>PBXFileReference</string>
			<key>lastKnownFileType</key>
			<string>sourcecode.c.objc</string>
			<key>path</key>
			<string>MasterViewController.m</string>
			<key>sourceTree</key>
			<string>&lt;group&gt;</string>
		</dict>
		<key>45B114CD19C358D40044CAED</key>
		<dict>
			<key>fileRef</key>
			<string>45B114CC19C358D40044CAED</string>
			<key>isa</key>
			<string>PBXBuildFile</string>
		</dict>
		<key>45B114CE19C358D40044CAED</key>
		<dict>
			<key>isa</key>
			<string>PBXFileReference</string>
			<key>lastKnownFileType</key>
			<string>sourcecode.c.h</string>
			<key>path</key>
			<string>DetailViewController.h</string>
			<key>sourceTree</key>
			<string>&lt;group&gt;</string>
		</dict>
		<key>45B114CF19C358D40044CAED</key>
		<dict>
			<key>isa</key>
			<string>PBXFileReference</string>
			<key>lastKnownFileType</key>
			<string>sourcecode.c.objc</string>
			<key>path</key>
			<string>DetailViewController.m</string>
			<key>sourceTree</key>
			<string>&lt;group&gt;</string>
		</dict>
		<key>45B114D019C358D40044CAED</key>
		<dict>
			<key>fileRef</key>
			<string>45B114CF19C358D40044CAED</string>
			<key>isa</key>
			<string>PBXBuildFile</string>
		</dict>
		<key>45B114D119C358D40044CAED</key>
		<dict>
			<key>children</key>
			<array>
				<string>45B114D219C358D40044CAED</string>
			</array>
			<key>isa</key>
			<string>PBXVariantGroup</string>
			<key>name</key>
			<string>Main.storyboard</string>
			<key>sourceTree</key>
			<string>&lt;group&gt;</string>
		</dict>
		<key>45B114D219C358D40044CAED</key>
		<dict>
			<key>isa</key>
			<string>PBXFileReference</string>
			<key>lastKnownFileType</key>
			<string>file.storyboard</string>
			<key>name</key>
			<string>Base</string>
			<key>path</key>
			<string>Base.lproj/Main.storyboard</string>
			<key>sourceTree</key>
			<string>&lt;group&gt;</string>
		</dict>
		<key>45B114D319C358D40044CAED</key>
		<dict>
			<key>fileRef</key>
			<string>45B114D119C358D40044CAED</string>
			<key>isa</key>
			<string>PBXBuildFile</string>
		</dict>
		<key>45B114D419C358D40044CAED</key>
		<dict>
			<key>isa</key>
			<string>PBXFileReference</string>
			<key>lastKnownFileType</key>
			<string>folder.assetcatalog</string>
			<key>path</key>
			<string>Images.xcassets</string>
			<key>sourceTree</key>
			<string>&lt;group&gt;</string>
		</dict>
		<key>45B114D519C358D40044CAED</key>
		<dict>
			<key>fileRef</key>
			<string>45B114D419C358D40044CAED</string>
			<key>isa</key>
			<string>PBXBuildFile</string>
		</dict>
		<key>45B114D619C358D40044CAED</key>
		<dict>
			<key>children</key>
			<array>
				<string>45B114D719C358D40044CAED</string>
			</array>
			<key>isa</key>
			<string>PBXVariantGroup</string>
			<key>name</key>
			<string>LaunchScreen.xib</string>
			<key>sourceTree</key>
			<string>&lt;group&gt;</string>
		</dict>
		<key>45B114D719C358D40044CAED</key>
		<dict>
			<key>isa</key>
			<string>PBXFileReference</string>
			<key>lastKnownFileType</key>
			<string>file.xib</string>
			<key>name</key>
			<string>Base</string>
			<key>path</key>
			<string>Base.lproj/LaunchScreen.xib</string>
			<key>sourceTree</key>
			<string>&lt;group&gt;</string>
		</dict>
		<key>45B114D819C358D40044CAED</key>
		<dict>
			<key>fileRef</key>
			<string>45B114D619C358D40044CAED</string>
			<key>isa</key>
			<string>PBXBuildFile</string>
		</dict>
		<key>45B114D919C358D40044CAED</key>
		<dict>
			<key>buildActionMask</key>
			<string>2147483647</string>
			<key>files</key>
			<array>
				<string>45B114E419C358D40044CAED</string>
			</array>
			<key>isa</key>
			<string>PBXSourcesBuildPhase</string>
			<key>runOnlyForDeploymentPostprocessing</key>
			<string>0</string>
		</dict>
		<key>45B114DA19C358D40044CAED</key>
		<dict>
			<key>buildActionMask</key>
			<string>2147483647</string>
			<key>files</key>
			<array/>
			<key>isa</key>
			<string>PBXFrameworksBuildPhase</string>
			<key>runOnlyForDeploymentPostprocessing</key>
			<string>0</string>
		</dict>
		<key>45B114DB19C358D40044CAED</key>
		<dict>
			<key>buildActionMask</key>
			<string>2147483647</string>
			<key>files</key>
			<array/>
			<key>isa</key>
			<string>PBXResourcesBuildPhase</string>
			<key>runOnlyForDeploymentPostprocessing</key>
			<string>0</string>
		</dict>
		<key>45B114DC19C358D40044CAED</key>
		<dict>
			<key>buildConfigurationList</key>
			<string>45B114EA19C358D40044CAED</string>
			<key>buildPhases</key>
			<array>
				<string>45B114D919C358D40044CAED</string>
				<string>45B114DA19C358D40044CAED</string>
				<string>45B114DB19C358D40044CAED</string>
			</array>
			<key>buildRules</key>
			<array/>
			<key>dependencies</key>
			<array>
				<string>45B114DF19C358D40044CAED</string>
			</array>
			<key>isa</key>
			<string>PBXNativeTarget</string>
			<key>name</key>
			<string>MSUGameDayTests</string>
			<key>productName</key>
			<string>MSUGameDayTests</string>
			<key>productReference</key>
			<string>45B114DD19C358D40044CAED</string>
			<key>productType</key>
			<string>com.apple.product-type.bundle.unit-test</string>
		</dict>
		<key>45B114DD19C358D40044CAED</key>
		<dict>
			<key>explicitFileType</key>
			<string>wrapper.cfbundle</string>
			<key>includeInIndex</key>
			<string>0</string>
			<key>isa</key>
			<string>PBXFileReference</string>
			<key>path</key>
			<string>MSUGameDayTests.xctest</string>
			<key>sourceTree</key>
			<string>BUILT_PRODUCTS_DIR</string>
		</dict>
		<key>45B114DE19C358D40044CAED</key>
		<dict>
			<key>containerPortal</key>
			<string>45B114B619C358D40044CAED</string>
			<key>isa</key>
			<string>PBXContainerItemProxy</string>
			<key>proxyType</key>
			<string>1</string>
			<key>remoteGlobalIDString</key>
			<string>45B114BD19C358D40044CAED</string>
			<key>remoteInfo</key>
			<string>MSUGameDay</string>
		</dict>
		<key>45B114DF19C358D40044CAED</key>
		<dict>
			<key>isa</key>
			<string>PBXTargetDependency</string>
			<key>target</key>
			<string>45B114BD19C358D40044CAED</string>
			<key>targetProxy</key>
			<string>45B114DE19C358D40044CAED</string>
		</dict>
		<key>45B114E019C358D40044CAED</key>
		<dict>
			<key>children</key>
			<array>
				<string>45B114E319C358D40044CAED</string>
				<string>45B114E119C358D40044CAED</string>
			</array>
			<key>isa</key>
			<string>PBXGroup</string>
			<key>path</key>
			<string>MSUGameDayTests</string>
			<key>sourceTree</key>
			<string>&lt;group&gt;</string>
		</dict>
		<key>45B114E119C358D40044CAED</key>
		<dict>
			<key>children</key>
			<array>
				<string>45B114E219C358D40044CAED</string>
			</array>
			<key>isa</key>
			<string>PBXGroup</string>
			<key>name</key>
			<string>Supporting Files</string>
			<key>sourceTree</key>
			<string>&lt;group&gt;</string>
		</dict>
		<key>45B114E219C358D40044CAED</key>
		<dict>
			<key>isa</key>
			<string>PBXFileReference</string>
			<key>lastKnownFileType</key>
			<string>text.plist.xml</string>
			<key>path</key>
			<string>Info.plist</string>
			<key>sourceTree</key>
			<string>&lt;group&gt;</string>
		</dict>
		<key>45B114E319C358D40044CAED</key>
		<dict>
			<key>isa</key>
			<string>PBXFileReference</string>
			<key>lastKnownFileType</key>
			<string>sourcecode.c.objc</string>
			<key>path</key>
			<string>MSUGameDayTests.m</string>
			<key>sourceTree</key>
			<string>&lt;group&gt;</string>
		</dict>
		<key>45B114E419C358D40044CAED</key>
		<dict>
			<key>fileRef</key>
			<string>45B114E319C358D40044CAED</string>
			<key>isa</key>
			<string>PBXBuildFile</string>
		</dict>
		<key>45B114E519C358D40044CAED</key>
		<dict>
			<key>buildSettings</key>
			<dict>
				<key>ALWAYS_SEARCH_USER_PATHS</key>
				<string>NO</string>
				<key>CLANG_CXX_LANGUAGE_STANDARD</key>
				<string>gnu++0x</string>
				<key>CLANG_CXX_LIBRARY</key>
				<string>libc++</string>
				<key>CLANG_ENABLE_MODULES</key>
				<string>YES</string>
				<key>CLANG_ENABLE_OBJC_ARC</key>
				<string>YES</string>
				<key>CLANG_WARN_BOOL_CONVERSION</key>
				<string>YES</string>
				<key>CLANG_WARN_CONSTANT_CONVERSION</key>
				<string>YES</string>
				<key>CLANG_WARN_DIRECT_OBJC_ISA_USAGE</key>
				<string>YES_ERROR</string>
				<key>CLANG_WARN_EMPTY_BODY</key>
				<string>YES</string>
				<key>CLANG_WARN_ENUM_CONVERSION</key>
				<string>YES</string>
				<key>CLANG_WARN_INT_CONVERSION</key>
				<string>YES</string>
				<key>CLANG_WARN_OBJC_ROOT_CLASS</key>
				<string>YES_ERROR</string>
				<key>CLANG_WARN_UNREACHABLE_CODE</key>
				<string>YES</string>
				<key>CLANG_WARN__DUPLICATE_METHOD_MATCH</key>
				<string>YES</string>
				<key>CODE_SIGN_IDENTITY[sdk=iphoneos*]</key>
				<string>iPhone Developer</string>
				<key>COPY_PHASE_STRIP</key>
				<string>NO</string>
				<key>ENABLE_STRICT_OBJC_MSGSEND</key>
				<string>YES</string>
				<key>GCC_C_LANGUAGE_STANDARD</key>
				<string>gnu99</string>
				<key>GCC_DYNAMIC_NO_PIC</key>
				<string>NO</string>
				<key>GCC_OPTIMIZATION_LEVEL</key>
				<string>0</string>
				<key>GCC_PREPROCESSOR_DEFINITIONS</key>
				<array>
					<string>DEBUG=1</string>
					<string>$(inherited)</string>
				</array>
				<key>GCC_SYMBOLS_PRIVATE_EXTERN</key>
				<string>NO</string>
				<key>GCC_WARN_64_TO_32_BIT_CONVERSION</key>
				<string>YES</string>
				<key>GCC_WARN_ABOUT_RETURN_TYPE</key>
				<string>YES_ERROR</string>
				<key>GCC_WARN_UNDECLARED_SELECTOR</key>
				<string>YES</string>
				<key>GCC_WARN_UNINITIALIZED_AUTOS</key>
				<string>YES_AGGRESSIVE</string>
				<key>GCC_WARN_UNUSED_FUNCTION</key>
				<string>YES</string>
				<key>GCC_WARN_UNUSED_VARIABLE</key>
				<string>YES</string>
				<key>IPHONEOS_DEPLOYMENT_TARGET</key>
				<string>8.0</string>
				<key>MTL_ENABLE_DEBUG_INFO</key>
				<string>YES</string>
				<key>ONLY_ACTIVE_ARCH</key>
				<string>YES</string>
				<key>SDKROOT</key>
				<string>iphoneos</string>
				<key>TARGETED_DEVICE_FAMILY</key>
				<string>1,2</string>
			</dict>
			<key>isa</key>
			<string>XCBuildConfiguration</string>
			<key>name</key>
			<string>Debug</string>
		</dict>
		<key>45B114E619C358D40044CAED</key>
		<dict>
			<key>buildSettings</key>
			<dict>
				<key>ALWAYS_SEARCH_USER_PATHS</key>
				<string>NO</string>
				<key>CLANG_CXX_LANGUAGE_STANDARD</key>
				<string>gnu++0x</string>
				<key>CLANG_CXX_LIBRARY</key>
				<string>libc++</string>
				<key>CLANG_ENABLE_MODULES</key>
				<string>YES</string>
				<key>CLANG_ENABLE_OBJC_ARC</key>
				<string>YES</string>
				<key>CLANG_WARN_BOOL_CONVERSION</key>
				<string>YES</string>
				<key>CLANG_WARN_CONSTANT_CONVERSION</key>
				<string>YES</string>
				<key>CLANG_WARN_DIRECT_OBJC_ISA_USAGE</key>
				<string>YES_ERROR</string>
				<key>CLANG_WARN_EMPTY_BODY</key>
				<string>YES</string>
				<key>CLANG_WARN_ENUM_CONVERSION</key>
				<string>YES</string>
				<key>CLANG_WARN_INT_CONVERSION</key>
				<string>YES</string>
				<key>CLANG_WARN_OBJC_ROOT_CLASS</key>
				<string>YES_ERROR</string>
				<key>CLANG_WARN_UNREACHABLE_CODE</key>
				<string>YES</string>
				<key>CLANG_WARN__DUPLICATE_METHOD_MATCH</key>
				<string>YES</string>
				<key>CODE_SIGN_IDENTITY[sdk=iphoneos*]</key>
				<string>iPhone Developer</string>
				<key>COPY_PHASE_STRIP</key>
				<string>YES</string>
				<key>ENABLE_NS_ASSERTIONS</key>
				<string>NO</string>
				<key>ENABLE_STRICT_OBJC_MSGSEND</key>
				<string>YES</string>
				<key>GCC_C_LANGUAGE_STANDARD</key>
				<string>gnu99</string>
				<key>GCC_WARN_64_TO_32_BIT_CONVERSION</key>
				<string>YES</string>
				<key>GCC_WARN_ABOUT_RETURN_TYPE</key>
				<string>YES_ERROR</string>
				<key>GCC_WARN_UNDECLARED_SELECTOR</key>
				<string>YES</string>
				<key>GCC_WARN_UNINITIALIZED_AUTOS</key>
				<string>YES_AGGRESSIVE</string>
				<key>GCC_WARN_UNUSED_FUNCTION</key>
				<string>YES</string>
				<key>GCC_WARN_UNUSED_VARIABLE</key>
				<string>YES</string>
				<key>IPHONEOS_DEPLOYMENT_TARGET</key>
				<string>8.0</string>
				<key>MTL_ENABLE_DEBUG_INFO</key>
				<string>NO</string>
				<key>SDKROOT</key>
				<string>iphoneos</string>
				<key>TARGETED_DEVICE_FAMILY</key>
				<string>1,2</string>
				<key>VALIDATE_PRODUCT</key>
				<string>YES</string>
			</dict>
			<key>isa</key>
			<string>XCBuildConfiguration</string>
			<key>name</key>
			<string>Release</string>
		</dict>
		<key>45B114E719C358D40044CAED</key>
		<dict>
			<key>buildConfigurations</key>
			<array>
				<string>45B114E819C358D40044CAED</string>
				<string>45B114E919C358D40044CAED</string>
			</array>
			<key>defaultConfigurationIsVisible</key>
			<string>0</string>
			<key>defaultConfigurationName</key>
			<string>Release</string>
			<key>isa</key>
			<string>XCConfigurationList</string>
		</dict>
		<key>45B114E819C358D40044CAED</key>
		<dict>
			<key>baseConfigurationReference</key>
			<string>E1E1FDF14E114C6D9B3B9C3D</string>
			<key>buildSettings</key>
			<dict>
				<key>ASSETCATALOG_COMPILER_APPICON_NAME</key>
				<string>AppIcon</string>
				<key>INFOPLIST_FILE</key>
				<string>MSUGameDay/Info.plist</string>
				<key>LD_RUNPATH_SEARCH_PATHS</key>
				<string>$(inherited) @executable_path/Frameworks</string>
				<key>PRODUCT_NAME</key>
				<string>$(TARGET_NAME)</string>
			</dict>
			<key>isa</key>
			<string>XCBuildConfiguration</string>
			<key>name</key>
			<string>Debug</string>
		</dict>
		<key>45B114E919C358D40044CAED</key>
		<dict>
			<key>baseConfigurationReference</key>
			<string>E1E1FDF14E114C6D9B3B9C3D</string>
			<key>buildSettings</key>
			<dict>
				<key>ASSETCATALOG_COMPILER_APPICON_NAME</key>
				<string>AppIcon</string>
				<key>INFOPLIST_FILE</key>
				<string>MSUGameDay/Info.plist</string>
				<key>LD_RUNPATH_SEARCH_PATHS</key>
				<string>$(inherited) @executable_path/Frameworks</string>
				<key>PRODUCT_NAME</key>
				<string>$(TARGET_NAME)</string>
			</dict>
			<key>isa</key>
			<string>XCBuildConfiguration</string>
			<key>name</key>
			<string>Release</string>
		</dict>
		<key>45B114EA19C358D40044CAED</key>
		<dict>
			<key>buildConfigurations</key>
			<array>
				<string>45B114EB19C358D40044CAED</string>
				<string>45B114EC19C358D40044CAED</string>
			</array>
			<key>defaultConfigurationIsVisible</key>
			<string>0</string>
			<key>defaultConfigurationName</key>
			<string>Release</string>
			<key>isa</key>
			<string>XCConfigurationList</string>
		</dict>
		<key>45B114EB19C358D40044CAED</key>
		<dict>
			<key>buildSettings</key>
			<dict>
				<key>BUNDLE_LOADER</key>
				<string>$(TEST_HOST)</string>
				<key>FRAMEWORK_SEARCH_PATHS</key>
				<array>
					<string>$(SDKROOT)/Developer/Library/Frameworks</string>
					<string>$(inherited)</string>
				</array>
				<key>GCC_PREPROCESSOR_DEFINITIONS</key>
				<array>
					<string>DEBUG=1</string>
					<string>$(inherited)</string>
				</array>
				<key>INFOPLIST_FILE</key>
				<string>MSUGameDayTests/Info.plist</string>
				<key>LD_RUNPATH_SEARCH_PATHS</key>
				<string>$(inherited) @executable_path/Frameworks @loader_path/Frameworks</string>
				<key>PRODUCT_NAME</key>
				<string>$(TARGET_NAME)</string>
				<key>TEST_HOST</key>
				<string>$(BUILT_PRODUCTS_DIR)/MSUGameDay.app/MSUGameDay</string>
			</dict>
			<key>isa</key>
			<string>XCBuildConfiguration</string>
			<key>name</key>
			<string>Debug</string>
		</dict>
		<key>45B114EC19C358D40044CAED</key>
		<dict>
			<key>buildSettings</key>
			<dict>
				<key>BUNDLE_LOADER</key>
				<string>$(TEST_HOST)</string>
				<key>FRAMEWORK_SEARCH_PATHS</key>
				<array>
					<string>$(SDKROOT)/Developer/Library/Frameworks</string>
					<string>$(inherited)</string>
				</array>
				<key>INFOPLIST_FILE</key>
				<string>MSUGameDayTests/Info.plist</string>
				<key>LD_RUNPATH_SEARCH_PATHS</key>
				<string>$(inherited) @executable_path/Frameworks @loader_path/Frameworks</string>
				<key>PRODUCT_NAME</key>
				<string>$(TARGET_NAME)</string>
				<key>TEST_HOST</key>
				<string>$(BUILT_PRODUCTS_DIR)/MSUGameDay.app/MSUGameDay</string>
			</dict>
			<key>isa</key>
			<string>XCBuildConfiguration</string>
			<key>name</key>
			<string>Release</string>
		</dict>
		<key>45B114ED19C36FC00044CAED</key>
		<dict>
			<key>children</key>
			<array>
				<string>45B114F419C377EE0044CAED</string>
				<string>45B114F519C377EE0044CAED</string>
			</array>
			<key>isa</key>
			<string>PBXGroup</string>
			<key>name</key>
			<string>Model</string>
			<key>sourceTree</key>
			<string>&lt;group&gt;</string>
		</dict>
		<key>45B114EE19C36FCB0044CAED</key>
		<dict>
			<key>children</key>
			<array>
				<string>45B114F719C37BC80044CAED</string>
				<string>45B114F819C37BC80044CAED</string>
				<string>45B114FD19C39F1B0044CAED</string>
				<string>45B114FE19C39F1C0044CAED</string>
				<string>45B114FA19C38A660044CAED</string>
				<string>45B114FB19C38A660044CAED</string>
			</array>
			<key>isa</key>
			<string>PBXGroup</string>
			<key>name</key>
			<string>API</string>
			<key>sourceTree</key>
			<string>&lt;group&gt;</string>
		</dict>
		<key>45B114F019C36FE70044CAED</key>
		<dict>
			<key>children</key>
			<array>
				<string>45B114C519C358D40044CAED</string>
				<string>45B114C619C358D40044CAED</string>
				<string>45B114CB19C358D40044CAED</string>
				<string>45B114CC19C358D40044CAED</string>
				<string>45B114CE19C358D40044CAED</string>
				<string>45B114CF19C358D40044CAED</string>
			</array>
			<key>isa</key>
			<string>PBXGroup</string>
			<key>name</key>
			<string>Controller</string>
			<key>sourceTree</key>
			<string>&lt;group&gt;</string>
		</dict>
		<key>45B114F119C36FF10044CAED</key>
		<dict>
			<key>children</key>
			<array>
				<string>45B114D119C358D40044CAED</string>
				<string>45B1150919C4B3CE0044CAED</string>
				<string>45B1150A19C4B3CE0044CAED</string>
				<string>45B1156219CA44700044CAED</string>
			</array>
			<key>isa</key>
			<string>PBXGroup</string>
			<key>name</key>
			<string>View</string>
			<key>sourceTree</key>
			<string>&lt;group&gt;</string>
		</dict>
		<key>45B114F219C3708B0044CAED</key>
		<dict>
			<key>children</key>
			<array>
				<string>45B114F319C3716E0044CAED</string>
			</array>
			<key>isa</key>
			<string>PBXGroup</string>
			<key>name</key>
			<string>Constants</string>
			<key>sourceTree</key>
			<string>&lt;group&gt;</string>
		</dict>
		<key>45B114F319C3716E0044CAED</key>
		<dict>
			<key>isa</key>
			<string>PBXFileReference</string>
			<key>lastKnownFileType</key>
			<string>sourcecode.c.h</string>
			<key>path</key>
			<string>Constants.h</string>
			<key>sourceTree</key>
			<string>&lt;group&gt;</string>
		</dict>
		<key>45B114F419C377EE0044CAED</key>
		<dict>
			<key>fileEncoding</key>
			<string>4</string>
			<key>isa</key>
			<string>PBXFileReference</string>
			<key>lastKnownFileType</key>
			<string>sourcecode.c.h</string>
			<key>path</key>
			<string>Event.h</string>
			<key>sourceTree</key>
			<string>&lt;group&gt;</string>
		</dict>
		<key>45B114F519C377EE0044CAED</key>
		<dict>
			<key>fileEncoding</key>
			<string>4</string>
			<key>isa</key>
			<string>PBXFileReference</string>
			<key>lastKnownFileType</key>
			<string>sourcecode.c.objc</string>
			<key>path</key>
			<string>Event.m</string>
			<key>sourceTree</key>
			<string>&lt;group&gt;</string>
		</dict>
		<key>45B114F619C377EE0044CAED</key>
		<dict>
			<key>fileRef</key>
			<string>45B114F519C377EE0044CAED</string>
			<key>isa</key>
			<string>PBXBuildFile</string>
		</dict>
		<key>45B114F719C37BC80044CAED</key>
		<dict>
			<key>fileEncoding</key>
			<string>4</string>
			<key>isa</key>
			<string>PBXFileReference</string>
			<key>lastKnownFileType</key>
			<string>sourcecode.c.h</string>
			<key>path</key>
			<string>EventManager.h</string>
			<key>sourceTree</key>
			<string>&lt;group&gt;</string>
		</dict>
		<key>45B114F819C37BC80044CAED</key>
		<dict>
			<key>fileEncoding</key>
			<string>4</string>
			<key>isa</key>
			<string>PBXFileReference</string>
			<key>lastKnownFileType</key>
			<string>sourcecode.c.objc</string>
			<key>path</key>
			<string>EventManager.m</string>
			<key>sourceTree</key>
			<string>&lt;group&gt;</string>
		</dict>
		<key>45B114F919C37BC80044CAED</key>
		<dict>
			<key>fileRef</key>
			<string>45B114F819C37BC80044CAED</string>
			<key>isa</key>
			<string>PBXBuildFile</string>
		</dict>
		<key>45B114FA19C38A660044CAED</key>
		<dict>
			<key>fileEncoding</key>
			<string>4</string>
			<key>isa</key>
			<string>PBXFileReference</string>
			<key>lastKnownFileType</key>
			<string>sourcecode.c.h</string>
			<key>path</key>
			<string>RssFeedParser.h</string>
			<key>sourceTree</key>
			<string>&lt;group&gt;</string>
		</dict>
		<key>45B114FB19C38A660044CAED</key>
		<dict>
			<key>fileEncoding</key>
			<string>4</string>
			<key>isa</key>
			<string>PBXFileReference</string>
			<key>lastKnownFileType</key>
			<string>sourcecode.c.objc</string>
			<key>path</key>
			<string>RssFeedParser.m</string>
			<key>sourceTree</key>
			<string>&lt;group&gt;</string>
		</dict>
		<key>45B114FC19C38A660044CAED</key>
		<dict>
			<key>fileRef</key>
			<string>45B114FB19C38A660044CAED</string>
			<key>isa</key>
			<string>PBXBuildFile</string>
		</dict>
		<key>45B114FD19C39F1B0044CAED</key>
		<dict>
			<key>fileEncoding</key>
			<string>4</string>
			<key>isa</key>
			<string>PBXFileReference</string>
			<key>lastKnownFileType</key>
			<string>sourcecode.c.h</string>
			<key>path</key>
			<string>CalendarManager.h</string>
			<key>sourceTree</key>
			<string>&lt;group&gt;</string>
		</dict>
		<key>45B114FE19C39F1C0044CAED</key>
		<dict>
			<key>fileEncoding</key>
			<string>4</string>
			<key>isa</key>
			<string>PBXFileReference</string>
			<key>lastKnownFileType</key>
			<string>sourcecode.c.objc</string>
			<key>path</key>
			<string>CalendarManager.m</string>
			<key>sourceTree</key>
			<string>&lt;group&gt;</string>
		</dict>
		<key>45B114FF19C39F1C0044CAED</key>
		<dict>
			<key>fileRef</key>
			<string>45B114FE19C39F1C0044CAED</string>
			<key>isa</key>
			<string>PBXBuildFile</string>
		</dict>
		<key>45B1150019C39F660044CAED</key>
		<dict>
			<key>isa</key>
			<string>PBXFileReference</string>
			<key>lastKnownFileType</key>
			<string>wrapper.framework</string>
			<key>name</key>
			<string>EventKit.framework</string>
			<key>path</key>
			<string>System/Library/Frameworks/EventKit.framework</string>
			<key>sourceTree</key>
			<string>SDKROOT</string>
		</dict>
		<key>45B1150119C39F660044CAED</key>
		<dict>
			<key>fileRef</key>
			<string>45B1150019C39F660044CAED</string>
			<key>isa</key>
			<string>PBXBuildFile</string>
		</dict>
		<key>45B1150219C39F6F0044CAED</key>
		<dict>
			<key>isa</key>
			<string>PBXFileReference</string>
			<key>lastKnownFileType</key>
			<string>wrapper.framework</string>
			<key>name</key>
			<string>CoreGraphics.framework</string>
			<key>path</key>
			<string>System/Library/Frameworks/CoreGraphics.framework</string>
			<key>sourceTree</key>
			<string>SDKROOT</string>
		</dict>
		<key>45B1150319C39F6F0044CAED</key>
		<dict>
			<key>fileRef</key>
			<string>45B1150219C39F6F0044CAED</string>
			<key>isa</key>
			<string>PBXBuildFile</string>
		</dict>
		<key>45B1150419C39F7B0044CAED</key>
		<dict>
			<key>isa</key>
			<string>PBXFileReference</string>
			<key>lastKnownFileType</key>
			<string>wrapper.framework</string>
			<key>name</key>
			<string>UIKit.framework</string>
			<key>path</key>
			<string>System/Library/Frameworks/UIKit.framework</string>
			<key>sourceTree</key>
			<string>SDKROOT</string>
		</dict>
		<key>45B1150519C39F7B0044CAED</key>
		<dict>
			<key>fileRef</key>
			<string>45B1150419C39F7B0044CAED</string>
			<key>isa</key>
			<string>PBXBuildFile</string>
		</dict>
		<key>45B1150619C39F890044CAED</key>
		<dict>
			<key>isa</key>
			<string>PBXFileReference</string>
			<key>lastKnownFileType</key>
			<string>wrapper.framework</string>
			<key>name</key>
			<string>Foundation.framework</string>
			<key>path</key>
			<string>System/Library/Frameworks/Foundation.framework</string>
			<key>sourceTree</key>
			<string>SDKROOT</string>
		</dict>
		<key>45B1150719C39F890044CAED</key>
		<dict>
			<key>fileRef</key>
			<string>45B1150619C39F890044CAED</string>
			<key>isa</key>
			<string>PBXBuildFile</string>
		</dict>
		<key>45B1150919C4B3CE0044CAED</key>
		<dict>
			<key>fileEncoding</key>
			<string>4</string>
			<key>isa</key>
			<string>PBXFileReference</string>
			<key>lastKnownFileType</key>
			<string>sourcecode.c.h</string>
			<key>path</key>
			<string>SSRollingButtonScrollView.h</string>
			<key>sourceTree</key>
			<string>&lt;group&gt;</string>
		</dict>
		<key>45B1150A19C4B3CE0044CAED</key>
		<dict>
			<key>fileEncoding</key>
			<string>4</string>
			<key>isa</key>
			<string>PBXFileReference</string>
			<key>lastKnownFileType</key>
			<string>sourcecode.c.objc</string>
			<key>path</key>
			<string>SSRollingButtonScrollView.m</string>
			<key>sourceTree</key>
			<string>&lt;group&gt;</string>
		</dict>
		<key>45B1150B19C4B3CE0044CAED</key>
		<dict>
			<key>fileRef</key>
			<string>45B1150A19C4B3CE0044CAED</string>
			<key>isa</key>
			<string>PBXBuildFile</string>
		</dict>
		<key>45B1156219CA44700044CAED</key>
		<dict>
			<key>fileEncoding</key>
			<string>4</string>
			<key>isa</key>
			<string>PBXFileReference</string>
			<key>lastKnownFileType</key>
			<string>file.xib</string>
			<key>path</key>
			<string>TableBackgroundView.xib</string>
			<key>sourceTree</key>
			<string>&lt;group&gt;</string>
		</dict>
		<key>45B1156319CA44700044CAED</key>
		<dict>
			<key>fileRef</key>
			<string>45B1156219CA44700044CAED</string>
			<key>isa</key>
			<string>PBXBuildFile</string>
		</dict>
		<key>45B1156419CA7BBF0044CAED</key>
		<dict>
			<key>isa</key>
			<string>PBXFileReference</string>
			<key>lastKnownFileType</key>
			<string>wrapper.framework</string>
			<key>name</key>
			<string>ImageIO.framework</string>
			<key>path</key>
			<string>System/Library/Frameworks/ImageIO.framework</string>
			<key>sourceTree</key>
			<string>SDKROOT</string>
		</dict>
		<key>4EF33203DF054741889E6005</key>
		<dict>
			<key>children</key>
			<array>
				<string>45B1156419CA7BBF0044CAED</string>
				<string>5006C8A0E34B4435B891B58F</string>
				<string>503A17BF98894FCB94298843</string>
			</array>
			<key>isa</key>
			<string>PBXGroup</string>
			<key>name</key>
			<string>Frameworks</string>
			<key>sourceTree</key>
			<string>&lt;group&gt;</string>
		</dict>
		<key>5006C8A0E34B4435B891B58F</key>
		<dict>
			<key>explicitFileType</key>
			<string>archive.ar</string>
			<key>includeInIndex</key>
			<string>0</string>
			<key>isa</key>
			<string>PBXFileReference</string>
			<key>path</key>
			<string>libPods-MSUGameDay.a</string>
			<key>sourceTree</key>
			<string>BUILT_PRODUCTS_DIR</string>
		</dict>
		<key>503A17BF98894FCB94298843</key>
		<dict>
			<key>explicitFileType</key>
			<string>archive.ar</string>
			<key>includeInIndex</key>
			<string>0</string>
			<key>isa</key>
			<string>PBXFileReference</string>
			<key>path</key>
			<string>libPods.a</string>
			<key>sourceTree</key>
			<string>BUILT_PRODUCTS_DIR</string>
		</dict>
		<key>9730690029734A73B8D4457B</key>
		<dict>
			<key>buildActionMask</key>
			<string>2147483647</string>
			<key>files</key>
			<array/>
			<key>inputPaths</key>
			<array/>
			<key>isa</key>
			<string>PBXShellScriptBuildPhase</string>
			<key>name</key>
			<string>Copy Pods Resources</string>
			<key>outputPaths</key>
			<array/>
			<key>runOnlyForDeploymentPostprocessing</key>
			<string>0</string>
			<key>shellPath</key>
			<string>/bin/sh</string>
			<key>shellScript</key>
			<string>"${SRCROOT}/Pods/Pods-resources.sh"
</string>
			<key>showEnvVarsInLog</key>
			<string>0</string>
		</dict>
		<key>E1E1FDF14E114C6D9B3B9C3D</key>
		<dict>
			<key>includeInIndex</key>
			<string>1</string>
			<key>isa</key>
			<string>PBXFileReference</string>
			<key>lastKnownFileType</key>
			<string>text.xcconfig</string>
			<key>name</key>
			<string>Pods.xcconfig</string>
			<key>path</key>
			<string>Pods/Pods.xcconfig</string>
			<key>sourceTree</key>
			<string>&lt;group&gt;</string>
		</dict>
	</dict>
	<key>rootObject</key>
	<string>45B114B619C358D40044CAED</string>
</dict>
</plist>
